
Microsoft Visual Studio Solution File, Format Version 12.00
# Visual Studio Version 17
VisualStudioVersion = 17.5.002.0
MinimumVisualStudioVersion = 10.0.40219.1
Project("{9A19103F-16F7-4668-BE54-9A1E7A4F7556}") = "trilha-net-api-desafio", "trilha-net-api-desafio.csproj", "{6C241E3E-A354-4524-A788-E769B05B55CF}"
EndProject
Global
	GlobalSection(SolutionConfigurationPlatforms) = preSolution
		Debug|Any CPU = Debug|Any CPU
		Release|Any CPU = Release|Any CPU
	EndGlobalSection
	GlobalSection(ProjectConfigurationPlatforms) = postSolution
		{6C241E3E-A354-4524-A788-E769B05B55CF}.Debug|Any CPU.ActiveCfg = Debug|Any CPU
		{6C241E3E-A354-4524-A788-E769B05B55CF}.Debug|Any CPU.Build.0 = Debug|Any CPU
		{6C241E3E-A354-4524-A788-E769B05B55CF}.Release|Any CPU.ActiveCfg = Release|Any CPU
		{6C241E3E-A354-4524-A788-E769B05B55CF}.Release|Any CPU.Build.0 = Release|Any CPU
	EndGlobalSection
	GlobalSection(SolutionProperties) = preSolution
		HideSolutionNode = FALSE
	EndGlobalSection
	GlobalSection(ExtensibilityGlobals) = postSolution
		SolutionGuid = {9332280B-2A18-497E-A65F-72F4323C9EC9}
	EndGlobalSection
EndGlobal
